PODS:
  - Lynx (4.1.0):
    - Lynx/Framework (= 4.1.0)
  - Lynx/Framework (4.1.0):
    - Lynx/Gfx
    - Lynx/ReleaseResource
    - LynxBase/Framework
    - LynxServiceAPI
    - PrimJS/napi/env
    - PrimJS/napi/jsc
    - PrimJS/napi/quickjs
    - PrimJS/quickjs (= 4.1.1)
  - Lynx/Gfx (4.1.0):
    - LynxBase/Framework
  - Lynx/ReleaseResource (4.1.0)
  - LynxBase (4.1.0):
    - LynxBase/Framework (= 4.1.0)
  - LynxBase/Framework (4.1.0):
    - LynxServiceAPI/Core
  - LynxService/Http (4.1.0):
    - Lynx (= 4.1.0)
    - LynxServiceAPI (= 4.1.0)
  - LynxService/Log (4.1.0):
    - Lynx (= 4.1.0)
    - LynxBase (= 4.1.0)
    - LynxServiceAPI (= 4.1.0)
  - LynxServiceAPI (4.1.0):
    - LynxServiceAPI/Core (= 4.1.0)
    - LynxServiceAPI/Native (= 4.1.0)
  - LynxServiceAPI/Core (4.1.0):
    - LynxServiceAPI/Native
  - LynxServiceAPI/Native (4.1.0)
  - PrimJS/log (4.1.1)
  - PrimJS/napi (4.1.1):
    - PrimJS/napi/adapter (= 4.1.1)
    - PrimJS/napi/core (= 4.1.1)
    - PrimJS/napi/env (= 4.1.1)
    - PrimJS/napi/jsc (= 4.1.1)
    - PrimJS/napi/quickjs (= 4.1.1)
  - PrimJS/napi/adapter (4.1.1):
    - PrimJS/napi/core
    - PrimJS/napi/env
  - PrimJS/napi/core (4.1.1)
  - PrimJS/napi/env (4.1.1):
    - PrimJS/napi/core
  - PrimJS/napi/jsc (4.1.1):
    - PrimJS/log
    - PrimJS/napi/core
    - PrimJS/quickjs
  - PrimJS/napi/quickjs (4.1.1):
    - PrimJS/napi/core
    - PrimJS/quickjs
  - PrimJS/quickjs (4.1.1):
    - PrimJS/log

DEPENDENCIES:
  - Lynx/Framework (= 4.1.0)
  - LynxService/Http (= 4.1.0)
  - LynxService/Log (= 4.1.0)
  - PrimJS/napi (= 4.1.1)
  - PrimJS/quickjs (= 4.1.1)

SPEC REPOS:
  https://github.com/lynx-family/Specs.git:
    - Lynx
    - LynxBase
    - LynxService
    - LynxServiceAPI
  trunk:
    - PrimJS

SPEC CHECKSUMS:
  Lynx: b9a0812cb5b0f1ff6efba8cc1d1d5c094a23f632
  LynxBase: 4d2fdb403f161e8fce8af3db8bddee50c8f1fe3e
  LynxService: 4e390c8080eff4bc3d3f4e2133379c2942191c1b
  LynxServiceAPI: 79446ba6dcea4353b8e2e5b77ec9f34603c0a054
  PrimJS: 2bb7f0e0c314cc81f6dc53aa814082b66f149e7c

PODFILE CHECKSUM: 0d6ead4c141a48fac2ecc708d63a301fb1b36946

COCOAPODS: 1.16.2
