// !$*UTF8*$!
{
	archiveVersion = 1;
	classes = {
	};
	objectVersion = 56;
	objects = {

/* Begin PBXBuildFile section */
		2B94A3C92D6613730060892C /* AppDelegate.swift in Sources */ = {isa = PBXBuildFile; fileRef = 2B94A3C82D6613730060892C /* AppDelegate.swift */; };
		2B94A3CB2D6613730060892C /* SceneDelegate.swift in Sources */ = {isa = PBXBuildFile; fileRef = 2B94A3CA2D6613730060892C /* SceneDelegate.swift */; };
		2B94A3CD2D6613730060892C /* ViewController.swift in Sources */ = {isa = PBXBuildFile; fileRef = 2B94A3CC2D6613730060892C /* ViewController.swift */; };
		2B94A3D02D6613730060892C /* Base in Resources */ = {isa = PBXBuildFile; fileRef = 2B94A3CF2D6613730060892C /* Base */; };
		2B94A3D22D6613740060892C /* Assets.xcassets in Resources */ = {isa = PBXBuildFile; fileRef = 2B94A3D12D6613740060892C /* Assets.xcassets */; };
		2B94A3D52D6613740060892C /* Base in Resources */ = {isa = PBXBuildFile; fileRef = 2B94A3D42D6613740060892C /* Base */; };
		2B94A3DD2D6614980060892C /* DemoLynxProvider.swift in Sources */ = {isa = PBXBuildFile; fileRef = 2B94A3DC2D6614980060892C /* DemoLynxProvider.swift */; };
		2BE49E032D7720F0000D068C /* main.lynx.bundle in Resources */ = {isa = PBXBuildFile; fileRef = 2BE49E022D7720F0000D068C /* main.lynx.bundle */; };
		63972E0D34F86B0706325BCE /* libPods-Hello-Lynx.a in Frameworks */ = {isa = PBXBuildFile; fileRef = C4B67B2104D0445A811952B8 /* libPods-Hello-Lynx.a */; };
/* End PBXBuildFile section */

/* Begin PBXFileReference section */
		2B94A3C52D6613730060892C /* Hello-Lynx.app */ = {isa = PBXFileReference; explicitFileType = wrapper.application; includeInIndex = 0; path = "Hello-Lynx.app"; sourceTree = BUILT_PRODUCTS_DIR; };
		2B94A3C82D6613730060892C /* AppDelegate.swift */ = {isa = PBXFileReference; lastKnownFileType = sourcecode.swift; path = AppDelegate.swift; sourceTree = "<group>"; };
		2B94A3CA2D6613730060892C /* SceneDelegate.swift */ = {isa = PBXFileReference; lastKnownFileType = sourcecode.swift; path = SceneDelegate.swift; sourceTree = "<group>"; };
		2B94A3CC2D6613730060892C /* ViewController.swift */ = {isa = PBXFileReference; lastKnownFileType = sourcecode.swift; path = ViewController.swift; sourceTree = "<group>"; };
		2B94A3CF2D6613730060892C /* Base */ = {isa = PBXFileReference; lastKnownFileType = file.storyboard; name = Base; path = Base.lproj/Main.storyboard; sourceTree = "<group>"; };
		2B94A3D12D6613740060892C /* Assets.xcassets */ = {isa = PBXFileReference; lastKnownFileType = folder.assetcatalog; path = Assets.xcassets; sourceTree = "<group>"; };
		2B94A3D42D6613740060892C /* Base */ = {isa = PBXFileReference; lastKnownFileType = file.storyboard; name = Base; path = Base.lproj/LaunchScreen.storyboard; sourceTree = "<group>"; };
		2B94A3D62D6613740060892C /* Info.plist */ = {isa = PBXFileReference; lastKnownFileType = text.plist.xml; path = Info.plist; sourceTree = "<group>"; };
		2B94A3DC2D6614980060892C /* DemoLynxProvider.swift */ = {isa = PBXFileReference; lastKnownFileType = sourcecode.swift; path = DemoLynxProvider.swift; sourceTree = "<group>"; };
		2B94A3DE2D6614DC0060892C /* Hello-Lynx-Bridging-Header.h */ = {isa = PBXFileReference; lastKnownFileType = sourcecode.c.h; path = "Hello-Lynx-Bridging-Header.h"; sourceTree = "<group>"; };
		2BE49E022D7720F0000D068C /* main.lynx.bundle */ = {isa = PBXFileReference; lastKnownFileType = file; path = main.lynx.bundle; sourceTree = "<group>"; };
		61CE2062BA0F77A3DF32F268 /* Pods-Hello-Lynx.release.xcconfig */ = {isa = PBXFileReference; includeInIndex = 1; lastKnownFileType = text.xcconfig; name = "Pods-Hello-Lynx.release.xcconfig"; path = "Target Support Files/Pods-Hello-Lynx/Pods-Hello-Lynx.release.xcconfig"; sourceTree = "<group>"; };
		72043EE1F9E3529358168057 /* Pods-Hello-Lynx.debug.xcconfig */ = {isa = PBXFileReference; includeInIndex = 1; lastKnownFileType = text.xcconfig; name = "Pods-Hello-Lynx.debug.xcconfig"; path = "Target Support Files/Pods-Hello-Lynx/Pods-Hello-Lynx.debug.xcconfig"; sourceTree = "<group>"; };
		C4B67B2104D0445A811952B8 /* libPods-Hello-Lynx.a */ = {isa = PBXFileReference; explicitFileType = archive.ar; includeInIndex = 0; path = "libPods-Hello-Lynx.a"; sourceTree = BUILT_PRODUCTS_DIR; };
/* End PBXFileReference section */

/* Begin PBXFrameworksBuildPhase section */
		2B94A3C22D6613730060892C /* Frameworks */ = {
			isa = PBXFrameworksBuildPhase;
			buildActionMask = 2147483647;
			files = (
				63972E0D34F86B0706325BCE /* libPods-Hello-Lynx.a in Frameworks */,
			);
			runOnlyForDeploymentPostprocessing = 0;
		};
/* End PBXFrameworksBuildPhase section */

/* Begin PBXGroup section */
		2B94A3BC2D6613730060892C = {
			isa = PBXGroup;
			children = (
				2BE49E022D7720F0000D068C /* main.lynx.bundle */,
				2B94A3C72D6613730060892C /* Hello-Lynx */,
				2B94A3C62D6613730060892C /* Products */,
				C6D18F00D0E7395AB3C4C81F /* Pods */,
				7225697D323AB6B76668D385 /* Frameworks */,
			);
			sourceTree = "<group>";
		};
		2B94A3C62D6613730060892C /* Products */ = {
			isa = PBXGroup;
			children = (
				2B94A3C52D6613730060892C /* Hello-Lynx.app */,
			);
			name = Products;
			sourceTree = "<group>";
		};
		2B94A3C72D6613730060892C /* Hello-Lynx */ = {
			isa = PBXGroup;
			children = (
				2B94A3C82D6613730060892C /* AppDelegate.swift */,
				2B94A3CA2D6613730060892C /* SceneDelegate.swift */,
				2B94A3CC2D6613730060892C /* ViewController.swift */,
				2B94A3CE2D6613730060892C /* Main.storyboard */,
				2B94A3D12D6613740060892C /* Assets.xcassets */,
				2B94A3D32D6613740060892C /* LaunchScreen.storyboard */,
				2B94A3D62D6613740060892C /* Info.plist */,
				2B94A3DC2D6614980060892C /* DemoLynxProvider.swift */,
				2B94A3DE2D6614DC0060892C /* Hello-Lynx-Bridging-Header.h */,
			);
			path = "Hello-Lynx";
			sourceTree = "<group>";
		};
		7225697D323AB6B76668D385 /* Frameworks */ = {
			isa = PBXGroup;
			children = (
				C4B67B2104D0445A811952B8 /* libPods-Hello-Lynx.a */,
			);
			name = Frameworks;
			sourceTree = "<group>";
		};
		C6D18F00D0E7395AB3C4C81F /* Pods */ = {
			isa = PBXGroup;
			children = (
				72043EE1F9E3529358168057 /* Pods-Hello-Lynx.debug.xcconfig */,
				61CE2062BA0F77A3DF32F268 /* Pods-Hello-Lynx.release.xcconfig */,
			);
			path = Pods;
			sourceTree = "<group>";
		};
/* End PBXGroup section */

/* Begin PBXNativeTarget section */
		2B94A3C42D6613730060892C /* Hello-Lynx */ = {
			isa = PBXNativeTarget;
			buildConfigurationList = 2B94A3D92D6613740060892C /* Build configuration list for PBXNativeTarget "Hello-Lynx" */;
			buildPhases = (
				1A6D9ADAF68CC04F0BA85760 /* [CP] Check Pods Manifest.lock */,
				2B94A3C12D6613730060892C /* Sources */,
				2B94A3C22D6613730060892C /* Frameworks */,
				2B94A3C32D6613730060892C /* Resources */,
				AB185E27E0CB58373A5099D9 /* [CP] Copy Pods Resources */,
			);
			buildRules = (
			);
			dependencies = (
			);
			name = "Hello-Lynx";
			productName = "Hello-Lynx";
			productReference = 2B94A3C52D6613730060892C /* Hello-Lynx.app */;
			productType = "com.apple.product-type.application";
		};
/* End PBXNativeTarget section */

/* Begin PBXProject section */
		2B94A3BD2D6613730060892C /* Project object */ = {
			isa = PBXProject;
			attributes = {
				BuildIndependentTargetsInParallel = 1;
				LastSwiftUpdateCheck = 1530;
				LastUpgradeCheck = 1530;
				TargetAttributes = {
					2B94A3C42D6613730060892C = {
						CreatedOnToolsVersion = 15.3;
					};
				};
			};
			buildConfigurationList = 2B94A3C02D6613730060892C /* Build configuration list for PBXProject "Hello-Lynx" */;
			compatibilityVersion = "Xcode 14.0";
			developmentRegion = en;
			hasScannedForEncodings = 0;
			knownRegions = (
				en,
				Base,
			);
			mainGroup = 2B94A3BC2D6613730060892C;
			productRefGroup = 2B94A3C62D6613730060892C /* Products */;
			projectDirPath = "";
			projectRoot = "";
			targets = (
				2B94A3C42D6613730060892C /* Hello-Lynx */,
			);
		};
/* End PBXProject section */

/* Begin PBXResourcesBuildPhase section */
		2B94A3C32D6613730060892C /* Resources */ = {
			isa = PBXResourcesBuildPhase;
			buildActionMask = 2147483647;
			files = (
				2BE49E032D7720F0000D068C /* main.lynx.bundle in Resources */,
				2B94A3D22D6613740060892C /* Assets.xcassets in Resources */,
				2B94A3D52D6613740060892C /* Base in Resources */,
				2B94A3D02D6613730060892C /* Base in Resources */,
			);
			runOnlyForDeploymentPostprocessing = 0;
		};
/* End PBXResourcesBuildPhase section */

/* Begin PBXShellScriptBuildPhase section */
		1A6D9ADAF68CC04F0BA85760 /* [CP] Check Pods Manifest.lock */ = {
			isa = PBXShellScriptBuildPhase;
			buildActionMask = 2147483647;
			files = (
			);
			inputFileListPaths = (
			);
			inputPaths = (
				"${PODS_PODFILE_DIR_PATH}/Podfile.lock",
				"${PODS_ROOT}/Manifest.lock",
			);
			name = "[CP] Check Pods Manifest.lock";
			outputFileListPaths = (
			);
			outputPaths = (
				"$(DERIVED_FILE_DIR)/Pods-Hello-Lynx-checkManifestLockResult.txt",
			);
			runOnlyForDeploymentPostprocessing = 0;
			shellPath = /bin/sh;
			shellScript = "diff \"${PODS_PODFILE_DIR_PATH}/Podfile.lock\" \"${PODS_ROOT}/Manifest.lock\" > /dev/null\nif [ $? != 0 ] ; then\n    # print error to STDERR\n    echo \"error: The sandbox is not in sync with the Podfile.lock. Run 'pod install' or update your CocoaPods installation.\" >&2\n    exit 1\nfi\n# This output is used by Xcode 'outputs' to avoid re-running this script phase.\necho \"SUCCESS\" > \"${SCRIPT_OUTPUT_FILE_0}\"\n";
			showEnvVarsInLog = 0;
		};
		AB185E27E0CB58373A5099D9 /* [CP] Copy Pods Resources */ = {
			isa = PBXShellScriptBuildPhase;
			buildActionMask = 2147483647;
			files = (
			);
			inputFileListPaths = (
				"${PODS_ROOT}/Target Support Files/Pods-Hello-Lynx/Pods-Hello-Lynx-resources-${CONFIGURATION}-input-files.xcfilelist",
			);
			name = "[CP] Copy Pods Resources";
			outputFileListPaths = (
				"${PODS_ROOT}/Target Support Files/Pods-Hello-Lynx/Pods-Hello-Lynx-resources-${CONFIGURATION}-output-files.xcfilelist",
			);
			runOnlyForDeploymentPostprocessing = 0;
			shellPath = /bin/sh;
			shellScript = "\"${PODS_ROOT}/Target Support Files/Pods-Hello-Lynx/Pods-Hello-Lynx-resources.sh\"\n";
			showEnvVarsInLog = 0;
		};
/* End PBXShellScriptBuildPhase section */

/* Begin PBXSourcesBuildPhase section */
		2B94A3C12D6613730060892C /* Sources */ = {
			isa = PBXSourcesBuildPhase;
			buildActionMask = 2147483647;
			files = (
				2B94A3DD2D6614980060892C /* DemoLynxProvider.swift in Sources */,
				2B94A3CD2D6613730060892C /* ViewController.swift in Sources */,
				2B94A3C92D6613730060892C /* AppDelegate.swift in Sources */,
				2B94A3CB2D6613730060892C /* SceneDelegate.swift in Sources */,
			);
			runOnlyForDeploymentPostprocessing = 0;
		};
/* End PBXSourcesBuildPhase section */

/* Begin PBXVariantGroup section */
		2B94A3CE2D6613730060892C /* Main.storyboard */ = {
			isa = PBXVariantGroup;
			children = (
				2B94A3CF2D6613730060892C /* Base */,
			);
			name = Main.storyboard;
			sourceTree = "<group>";
		};
		2B94A3D32D6613740060892C /* LaunchScreen.storyboard */ = {
			isa = PBXVariantGroup;
			children = (
				2B94A3D42D6613740060892C /* Base */,
			);
			name = LaunchScreen.storyboard;
			sourceTree = "<group>";
		};
/* End PBXVariantGroup section */

/* Begin XCBuildConfiguration section */
		2B94A3D72D6613740060892C /* Debug */ = {
			isa = XCBuildConfiguration;
			buildSettings = {
				ALWAYS_SEARCH_USER_PATHS = NO;
				ASSETCATALOG_COMPILER_GENERATE_SWIFT_ASSET_SYMBOL_EXTENSIONS = YES;
				CLANG_ANALYZER_NONNULL = YES;
				CLANG_ANALYZER_NUMBER_OBJECT_CONVERSION = YES_AGGRESSIVE;
				CLANG_CXX_LANGUAGE_STANDARD = "gnu++20";
				CLANG_ENABLE_MODULES = YES;
				CLANG_ENABLE_OBJC_ARC = YES;
				CLANG_ENABLE_OBJC_WEAK = YES;
				CLANG_WARN_BLOCK_CAPTURE_AUTORELEASING = YES;
				CLANG_WARN_BOOL_CONVERSION = YES;
				CLANG_WARN_COMMA = YES;
				CLANG_WARN_CONSTANT_CONVERSION = YES;
				CLANG_WARN_DEPRECATED_OBJC_IMPLEMENTATIONS = YES;
				CLANG_WARN_DIRECT_OBJC_ISA_USAGE = YES_ERROR;
				CLANG_WARN_DOCUMENTATION_COMMENTS = YES;
				CLANG_WARN_EMPTY_BODY = YES;
				CLANG_WARN_ENUM_CONVERSION = YES;
				CLANG_WARN_INFINITE_RECURSION = YES;
				CLANG_WARN_INT_CONVERSION = YES;
				CLANG_WARN_NON_LITERAL_NULL_CONVERSION = YES;
				CLANG_WARN_OBJC_IMPLICIT_RETAIN_SELF = YES;
				CLANG_WARN_OBJC_LITERAL_CONVERSION = YES;
				CLANG_WARN_OBJC_ROOT_CLASS = YES_ERROR;
				CLANG_WARN_QUOTED_INCLUDE_IN_FRAMEWORK_HEADER = YES;
				CLANG_WARN_RANGE_LOOP_ANALYSIS = YES;
				CLANG_WARN_STRICT_PROTOTYPES = YES;
				CLANG_WARN_SUSPICIOUS_MOVE = YES;
				CLANG_WARN_UNGUARDED_AVAILABILITY = YES_AGGRESSIVE;
				CLANG_WARN_UNREACHABLE_CODE = YES;
				CLANG_WARN__DUPLICATE_METHOD_MATCH = YES;
				COPY_PHASE_STRIP = NO;
				DEBUG_INFORMATION_FORMAT = dwarf;
				ENABLE_STRICT_OBJC_MSGSEND = YES;
				ENABLE_TESTABILITY = YES;
				ENABLE_USER_SCRIPT_SANDBOXING = YES;
				GCC_C_LANGUAGE_STANDARD = gnu17;
				GCC_DYNAMIC_NO_PIC = NO;
				GCC_NO_COMMON_BLOCKS = YES;
				GCC_OPTIMIZATION_LEVEL = 0;
				GCC_PREPROCESSOR_DEFINITIONS = (
					"DEBUG=1",
					"$(inherited)",
				);
				GCC_WARN_64_TO_32_BIT_CONVERSION = YES;
				GCC_WARN_ABOUT_RETURN_TYPE = YES_ERROR;
				GCC_WARN_UNDECLARED_SELECTOR = YES;
				GCC_WARN_UNINITIALIZED_AUTOS = YES_AGGRESSIVE;
				GCC_WARN_UNUSED_FUNCTION = YES;
				GCC_WARN_UNUSED_VARIABLE = YES;
				IPHONEOS_DEPLOYMENT_TARGET = 15.0;
				LOCALIZATION_PREFERS_STRING_CATALOGS = YES;
				MTL_ENABLE_DEBUG_INFO = INCLUDE_SOURCE;
				MTL_FAST_MATH = YES;
				ONLY_ACTIVE_ARCH = YES;
				SDKROOT = iphoneos;
				SWIFT_ACTIVE_COMPILATION_CONDITIONS = "DEBUG $(inherited)";
				SWIFT_OPTIMIZATION_LEVEL = "-Onone";
			};
			name = Debug;
		};
		2B94A3D82D6613740060892C /* Release */ = {
			isa = XCBuildConfiguration;
			buildSettings = {
				ALWAYS_SEARCH_USER_PATHS = NO;
				ASSETCATALOG_COMPILER_GENERATE_SWIFT_ASSET_SYMBOL_EXTENSIONS = YES;
				CLANG_ANALYZER_NONNULL = YES;
				CLANG_ANALYZER_NUMBER_OBJECT_CONVERSION = YES_AGGRESSIVE;
				CLANG_CXX_LANGUAGE_STANDARD = "gnu++20";
				CLANG_ENABLE_MODULES = YES;
				CLANG_ENABLE_OBJC_ARC = YES;
				CLANG_ENABLE_OBJC_WEAK = YES;
				CLANG_WARN_BLOCK_CAPTURE_AUTORELEASING = YES;
				CLANG_WARN_BOOL_CONVERSION = YES;
				CLANG_WARN_COMMA = YES;
				CLANG_WARN_CONSTANT_CONVERSION = YES;
				CLANG_WARN_DEPRECATED_OBJC_IMPLEMENTATIONS = YES;
				CLANG_WARN_DIRECT_OBJC_ISA_USAGE = YES_ERROR;
				CLANG_WARN_DOCUMENTATION_COMMENTS = YES;
				CLANG_WARN_EMPTY_BODY = YES;
				CLANG_WARN_ENUM_CONVERSION = YES;
				CLANG_WARN_INFINITE_RECURSION = YES;
				CLANG_WARN_INT_CONVERSION = YES;
				CLANG_WARN_NON_LITERAL_NULL_CONVERSION = YES;
				CLANG_WARN_OBJC_IMPLICIT_RETAIN_SELF = YES;
				CLANG_WARN_OBJC_LITERAL_CONVERSION = YES;
				CLANG_WARN_OBJC_ROOT_CLASS = YES_ERROR;
				CLANG_WARN_QUOTED_INCLUDE_IN_FRAMEWORK_HEADER = YES;
				CLANG_WARN_RANGE_LOOP_ANALYSIS = YES;
				CLANG_WARN_STRICT_PROTOTYPES = YES;
				CLANG_WARN_SUSPICIOUS_MOVE = YES;
				CLANG_WARN_UNGUARDED_AVAILABILITY = YES_AGGRESSIVE;
				CLANG_WARN_UNREACHABLE_CODE = YES;
				CLANG_WARN__DUPLICATE_METHOD_MATCH = YES;
				COPY_PHASE_STRIP = NO;
				DEBUG_INFORMATION_FORMAT = "dwarf-with-dsym";
				ENABLE_NS_ASSERTIONS = NO;
				ENABLE_STRICT_OBJC_MSGSEND = YES;
				ENABLE_USER_SCRIPT_SANDBOXING = YES;
				GCC_C_LANGUAGE_STANDARD = gnu17;
				GCC_NO_COMMON_BLOCKS = YES;
				GCC_WARN_64_TO_32_BIT_CONVERSION = YES;
				GCC_WARN_ABOUT_RETURN_TYPE = YES_ERROR;
				GCC_WARN_UNDECLARED_SELECTOR = YES;
				GCC_WARN_UNINITIALIZED_AUTOS = YES_AGGRESSIVE;
				GCC_WARN_UNUSED_FUNCTION = YES;
				GCC_WARN_UNUSED_VARIABLE = YES;
				IPHONEOS_DEPLOYMENT_TARGET = 15.0;
				LOCALIZATION_PREFERS_STRING_CATALOGS = YES;
				MTL_ENABLE_DEBUG_INFO = NO;
				MTL_FAST_MATH = YES;
				SDKROOT = iphoneos;
				SWIFT_COMPILATION_MODE = wholemodule;
				VALIDATE_PRODUCT = YES;
			};
			name = Release;
		};
		2B94A3DA2D6613740060892C /* Debug */ = {
			isa = XCBuildConfiguration;
			baseConfigurationReference = 72043EE1F9E3529358168057 /* Pods-Hello-Lynx.debug.xcconfig */;
			buildSettings = {
				ASSETCATALOG_COMPILER_APPICON_NAME = AppIcon;
				ASSETCATALOG_COMPILER_GLOBAL_ACCENT_COLOR_NAME = AccentColor;
				CODE_SIGN_STYLE = Automatic;
				CURRENT_PROJECT_VERSION = 1;
				DEVELOPMENT_TEAM = "";
				ENABLE_USER_SCRIPT_SANDBOXING = NO;
				GENERATE_INFOPLIST_FILE = YES;
				INFOPLIST_FILE = "Hello-Lynx/Info.plist";
				INFOPLIST_KEY_UIApplicationSupportsIndirectInputEvents = YES;
				INFOPLIST_KEY_UILaunchStoryboardName = LaunchScreen;
				INFOPLIST_KEY_UIMainStoryboardFile = Main;
				INFOPLIST_KEY_UISupportedInterfaceOrientations_iPad = "UIInterfaceOrientationPortrait UIInterfaceOrientationPortraitUpsideDown UIInterfaceOrientationLandscapeLeft UIInterfaceOrientationLandscapeRight";
				INFOPLIST_KEY_UISupportedInterfaceOrientations_iPhone = "UIInterfaceOrientationPortrait UIInterfaceOrientationLandscapeLeft UIInterfaceOrientationLandscapeRight";
				LD_RUNPATH_SEARCH_PATHS = (
					"$(inherited)",
					"@executable_path/Frameworks",
				);
				MARKETING_VERSION = 1.0;
				PRODUCT_BUNDLE_IDENTIFIER = org.xplatbench.lynx;
				PRODUCT_NAME = "$(TARGET_NAME)";
				SWIFT_EMIT_LOC_STRINGS = YES;
				SWIFT_OBJC_BRIDGING_HEADER = "Hello-Lynx/Hello-Lynx-Bridging-Header.h";
				SWIFT_VERSION = 5.0;
				TARGETED_DEVICE_FAMILY = "1,2";
			};
			name = Debug;
		};
		2B94A3DB2D6613740060892C /* Release */ = {
			isa = XCBuildConfiguration;
			baseConfigurationReference = 61CE2062BA0F77A3DF32F268 /* Pods-Hello-Lynx.release.xcconfig */;
			buildSettings = {
				ASSETCATALOG_COMPILER_APPICON_NAME = AppIcon;
				ASSETCATALOG_COMPILER_GLOBAL_ACCENT_COLOR_NAME = AccentColor;
				CODE_SIGN_STYLE = Automatic;
				CURRENT_PROJECT_VERSION = 1;
				DEVELOPMENT_TEAM = "";
				ENABLE_USER_SCRIPT_SANDBOXING = NO;
				GENERATE_INFOPLIST_FILE = YES;
				INFOPLIST_FILE = "Hello-Lynx/Info.plist";
				INFOPLIST_KEY_UIApplicationSupportsIndirectInputEvents = YES;
				INFOPLIST_KEY_UILaunchStoryboardName = LaunchScreen;
				INFOPLIST_KEY_UIMainStoryboardFile = Main;
				INFOPLIST_KEY_UISupportedInterfaceOrientations_iPad = "UIInterfaceOrientationPortrait UIInterfaceOrientationPortraitUpsideDown UIInterfaceOrientationLandscapeLeft UIInterfaceOrientationLandscapeRight";
				INFOPLIST_KEY_UISupportedInterfaceOrientations_iPhone = "UIInterfaceOrientationPortrait UIInterfaceOrientationLandscapeLeft UIInterfaceOrientationLandscapeRight";
				LD_RUNPATH_SEARCH_PATHS = (
					"$(inherited)",
					"@executable_path/Frameworks",
				);
				MARKETING_VERSION = 1.0;
				PRODUCT_BUNDLE_IDENTIFIER = org.xplatbench.lynx;
				PRODUCT_NAME = "$(TARGET_NAME)";
				SWIFT_EMIT_LOC_STRINGS = YES;
				SWIFT_OBJC_BRIDGING_HEADER = "Hello-Lynx/Hello-Lynx-Bridging-Header.h";
				SWIFT_VERSION = 5.0;
				TARGETED_DEVICE_FAMILY = "1,2";
			};
			name = Release;
		};
/* End XCBuildConfiguration section */

/* Begin XCConfigurationList section */
		2B94A3C02D6613730060892C /* Build configuration list for PBXProject "Hello-Lynx" */ = {
			isa = XCConfigurationList;
			buildConfigurations = (
				2B94A3D72D6613740060892C /* Debug */,
				2B94A3D82D6613740060892C /* Release */,
			);
			defaultConfigurationIsVisible = 0;
			defaultConfigurationName = Release;
		};
		2B94A3D92D6613740060892C /* Build configuration list for PBXNativeTarget "Hello-Lynx" */ = {
			isa = XCConfigurationList;
			buildConfigurations = (
				2B94A3DA2D6613740060892C /* Debug */,
				2B94A3DB2D6613740060892C /* Release */,
			);
			defaultConfigurationIsVisible = 0;
			defaultConfigurationName = Release;
		};
/* End XCConfigurationList section */
	};
	rootObject = 2B94A3BD2D6613730060892C /* Project object */;
}
